
Microsoft Visual Studio Solution File, Format Version 12.00
# Visual Studio Version 16
VisualStudioVersion = 16.0.30907.101
MinimumVisualStudioVersion = 10.0.40219.1
Project("{FAE04EC0-301F-11D3-BF4B-00C04F79EFBC}") = "BasicGit59", "BasicGit59\BasicGit59.csproj", "{54619D13-850F-4B47-9C65-AB69E9ADE71C}"
EndProject
Global
	GlobalSection(SolutionConfigurationPlatforms) = preSolution
		Debug|Any CPU = Debug|Any CPU
		Release|Any CPU = Release|Any CPU
	EndGlobalSection
	GlobalSection(ProjectConfigurationPlatforms) = postSolution
		{54619D13-850F-4B47-9C65-AB69E9ADE71C}.Debug|Any CPU.ActiveCfg = Debug|Any CPU
		{54619D13-850F-4B47-9C65-AB69E9ADE71C}.Debug|Any CPU.Build.0 = Debug|Any CPU
		{54619D13-850F-4B47-9C65-AB69E9ADE71C}.Release|Any CPU.ActiveCfg = Release|Any CPU
		{54619D13-850F-4B47-9C65-AB69E9ADE71C}.Release|Any CPU.Build.0 = Release|Any CPU
	EndGlobalSection
	GlobalSection(SolutionProperties) = preSolution
		HideSolutionNode = FALSE
	EndGlobalSection
	GlobalSection(ExtensibilityGlobals) = postSolution
		SolutionGuid = {CF26D2E7-B807-4696-95FE-657047BEEDB0}
	EndGlobalSection
EndGlobal
